
Microsoft Visual Studio Solution File, Format Version 12.00
# Visual Studio 15
VisualStudioVersion = 15.0.26430.14
MinimumVisualStudioVersion = 10.0.40219.1
Project("{9A19103F-16F7-4668-BE54-9A1E7A4F7556}") = "Quizdom", "Quizdom\Quizdom.csproj", "{766DA4FA-BB36-4133-A637-D53706CBDB21}"
EndProject
Project("{2150E333-8FDC-42A3-9474-1A3956D46DE8}") = "SolutionItems", "SolutionItems", "{8A3C2BAB-7AAB-42BE-A5D4-F890DEBA1BFE}"
	ProjectSection(SolutionItems) = preProject
		..\.gitignore = ..\.gitignore
	EndProjectSection
EndProject
Project("{9092AA53-FB77-4645-B42D-1CCCA6BD08BD}") = "QuizletService", "..\QuizletService\QuizletService.njsproj", "{995240CD-9C6A-46FC-B420-F7B3B22047A4}"
EndProject
Global
	GlobalSection(SolutionConfigurationPlatforms) = preSolution
		Debug|Any CPU = Debug|Any CPU
		Release|Any CPU = Release|Any CPU
	EndGlobalSection
	GlobalSection(ProjectConfigurationPlatforms) = postSolution
		{766DA4FA-BB36-4133-A637-D53706CBDB21}.Debug|Any CPU.ActiveCfg = Debug|Any CPU
		{766DA4FA-BB36-4133-A637-D53706CBDB21}.Debug|Any CPU.Build.0 = Debug|Any CPU
		{766DA4FA-BB36-4133-A637-D53706CBDB21}.Release|Any CPU.ActiveCfg = Release|Any CPU
		{766DA4FA-BB36-4133-A637-D53706CBDB21}.Release|Any CPU.Build.0 = Release|Any CPU
		{995240CD-9C6A-46FC-B420-F7B3B22047A4}.Debug|Any CPU.ActiveCfg = Debug|Any CPU
		{995240CD-9C6A-46FC-B420-F7B3B22047A4}.Debug|Any CPU.Build.0 = Debug|Any CPU
		{995240CD-9C6A-46FC-B420-F7B3B22047A4}.Release|Any CPU.ActiveCfg = Release|Any CPU
		{995240CD-9C6A-46FC-B420-F7B3B22047A4}.Release|Any CPU.Build.0 = Release|Any CPU
	EndGlobalSection
	GlobalSection(SolutionProperties) = preSolution
		HideSolutionNode = FALSE
	EndGlobalSection
EndGlobal
